
Microsoft Visual Studio Solution File, Format Version 12.00
Project("{FAE04EC0-301F-11D3-BF4B-00C04F79EFBC}") = "EasyCargo.Api.Commands", "EasyCargo.Api.Commands\EasyCargo.Api.Commands.csproj", "{C25CD4CB-746E-4609-A874-B0497F78E423}"
EndProject
Project("{FAE04EC0-301F-11D3-BF4B-00C04F79EFBC}") = "EasyCargo.Api.Queries", "EasyCargo.Api.Queries\EasyCargo.Api.Queries.csproj", "{B424ABD7-9604-4051-A0B7-F80D00160AB0}"
EndProject
Project("{FAE04EC0-301F-11D3-BF4B-00C04F79EFBC}") = "Shared.Model", "Shared.Model\Shared.Model.csproj", "{966E300F-EBA8-4172-8011-A1D837399661}"
EndProject
Project("{2150E333-8FDC-42A3-9474-1A3956D46DE8}") = "Commands", "Commands", "{5F0581E9-5CE6-4743-A969-20AD0267E945}"
EndProject
Project("{2150E333-8FDC-42A3-9474-1A3956D46DE8}") = "Queries", "Queries", "{7428C7F3-DCBB-4A5C-8D93-717031A4C892}"
EndProject
Project("{FAE04EC0-301F-11D3-BF4B-00C04F79EFBC}") = "EasyCargo.Api.Commands.Tests", "EasyCargo.Api.Commands.Tests\EasyCargo.Api.Commands.Tests.csproj", "{BA2F459C-EAB8-4138-BBE6-91AE247286FA}"
EndProject
Project("{FAE04EC0-301F-11D3-BF4B-00C04F79EFBC}") = "EasyCargo.Api.Queries.Tests", "EasyCargo.Api.Queries.Tests\EasyCargo.Api.Queries.Tests.csproj", "{721540FD-B0D4-4DFE-BF90-08F4F594710B}"
EndProject
Global
	GlobalSection(SolutionConfigurationPlatforms) = preSolution
		Debug|Any CPU = Debug|Any CPU
		Release|Any CPU = Release|Any CPU
	EndGlobalSection
	GlobalSection(ProjectConfigurationPlatforms) = postSolution
		{C25CD4CB-746E-4609-A874-B0497F78E423}.Debug|Any CPU.ActiveCfg = Debug|Any CPU
		{C25CD4CB-746E-4609-A874-B0497F78E423}.Debug|Any CPU.Build.0 = Debug|Any CPU
		{C25CD4CB-746E-4609-A874-B0497F78E423}.Release|Any CPU.ActiveCfg = Release|Any CPU
		{C25CD4CB-746E-4609-A874-B0497F78E423}.Release|Any CPU.Build.0 = Release|Any CPU
		{B424ABD7-9604-4051-A0B7-F80D00160AB0}.Debug|Any CPU.ActiveCfg = Debug|Any CPU
		{B424ABD7-9604-4051-A0B7-F80D00160AB0}.Debug|Any CPU.Build.0 = Debug|Any CPU
		{B424ABD7-9604-4051-A0B7-F80D00160AB0}.Release|Any CPU.ActiveCfg = Release|Any CPU
		{B424ABD7-9604-4051-A0B7-F80D00160AB0}.Release|Any CPU.Build.0 = Release|Any CPU
		{966E300F-EBA8-4172-8011-A1D837399661}.Debug|Any CPU.ActiveCfg = Debug|Any CPU
		{966E300F-EBA8-4172-8011-A1D837399661}.Debug|Any CPU.Build.0 = Debug|Any CPU
		{966E300F-EBA8-4172-8011-A1D837399661}.Release|Any CPU.ActiveCfg = Release|Any CPU
		{966E300F-EBA8-4172-8011-A1D837399661}.Release|Any CPU.Build.0 = Release|Any CPU
		{BA2F459C-EAB8-4138-BBE6-91AE247286FA}.Debug|Any CPU.ActiveCfg = Debug|Any CPU
		{BA2F459C-EAB8-4138-BBE6-91AE247286FA}.Debug|Any CPU.Build.0 = Debug|Any CPU
		{BA2F459C-EAB8-4138-BBE6-91AE247286FA}.Release|Any CPU.ActiveCfg = Release|Any CPU
		{BA2F459C-EAB8-4138-BBE6-91AE247286FA}.Release|Any CPU.Build.0 = Release|Any CPU
		{721540FD-B0D4-4DFE-BF90-08F4F594710B}.Debug|Any CPU.ActiveCfg = Debug|Any CPU
		{721540FD-B0D4-4DFE-BF90-08F4F594710B}.Debug|Any CPU.Build.0 = Debug|Any CPU
		{721540FD-B0D4-4DFE-BF90-08F4F594710B}.Release|Any CPU.ActiveCfg = Release|Any CPU
		{721540FD-B0D4-4DFE-BF90-08F4F594710B}.Release|Any CPU.Build.0 = Release|Any CPU
	EndGlobalSection
	GlobalSection(NestedProjects) = preSolution
		{C25CD4CB-746E-4609-A874-B0497F78E423} = {5F0581E9-5CE6-4743-A969-20AD0267E945}
		{B424ABD7-9604-4051-A0B7-F80D00160AB0} = {7428C7F3-DCBB-4A5C-8D93-717031A4C892}
		{BA2F459C-EAB8-4138-BBE6-91AE247286FA} = {5F0581E9-5CE6-4743-A969-20AD0267E945}
		{721540FD-B0D4-4DFE-BF90-08F4F594710B} = {7428C7F3-DCBB-4A5C-8D93-717031A4C892}
	EndGlobalSection
EndGlobal
